
Microsoft Visual Studio Solution File, Format Version 12.00
# Visual Studio Version 16
VisualStudioVersion = 16.0.30320.27
MinimumVisualStudioVersion = 10.0.40219.1
Project("{9A19103F-16F7-4668-BE54-9A1E7A4F7556}") = "simple-aspnetcore-react-shared-validation", "simple-aspnetcore-react-shared-validation.csproj", "{54B3D580-4A80-4C3B-9DC3-9EB934731816}"
EndProject
Global
	GlobalSection(SolutionConfigurationPlatforms) = preSolution
		Debug|Any CPU = Debug|Any CPU
		Release|Any CPU = Release|Any CPU
	EndGlobalSection
	GlobalSection(ProjectConfigurationPlatforms) = postSolution
		{54B3D580-4A80-4C3B-9DC3-9EB934731816}.Debug|Any CPU.ActiveCfg = Debug|Any CPU
		{54B3D580-4A80-4C3B-9DC3-9EB934731816}.Debug|Any CPU.Build.0 = Debug|Any CPU
		{54B3D580-4A80-4C3B-9DC3-9EB934731816}.Release|Any CPU.ActiveCfg = Release|Any CPU
		{54B3D580-4A80-4C3B-9DC3-9EB934731816}.Release|Any CPU.Build.0 = Release|Any CPU
	EndGlobalSection
	GlobalSection(SolutionProperties) = preSolution
		HideSolutionNode = FALSE
	EndGlobalSection
	GlobalSection(ExtensibilityGlobals) = postSolution
		SolutionGuid = {C0502861-C301-491A-891E-62C45ACD383E}
	EndGlobalSection
EndGlobal
